
Microsoft Visual Studio Solution File, Format Version 12.00
# Visual Studio Version 16
VisualStudioVersion = 16.0.30320.27
MinimumVisualStudioVersion = 10.0.40219.1
Project("{FAE04EC0-301F-11D3-BF4B-00C04F79EFBC}") = "BlazorCustomUser", "BlazorCustomUser\BlazorCustomUser.csproj", "{CBDC0935-2E65-43F0-BA84-D55EE7CB1871}"
EndProject
Global
	GlobalSection(SolutionConfigurationPlatforms) = preSolution
		Debug|Any CPU = Debug|Any CPU
		Release|Any CPU = Release|Any CPU
	EndGlobalSection
	GlobalSection(ProjectConfigurationPlatforms) = postSolution
		{CBDC0935-2E65-43F0-BA84-D55EE7CB1871}.Debug|Any CPU.ActiveCfg = Debug|Any CPU
		{CBDC0935-2E65-43F0-BA84-D55EE7CB1871}.Debug|Any CPU.Build.0 = Debug|Any CPU
		{CBDC0935-2E65-43F0-BA84-D55EE7CB1871}.Release|Any CPU.ActiveCfg = Release|Any CPU
		{CBDC0935-2E65-43F0-BA84-D55EE7CB1871}.Release|Any CPU.Build.0 = Release|Any CPU
	EndGlobalSection
	GlobalSection(SolutionProperties) = preSolution
		HideSolutionNode = FALSE
	EndGlobalSection
	GlobalSection(ExtensibilityGlobals) = postSolution
		SolutionGuid = {08544A28-B2E4-47D4-914E-E5C86C441B7D}
	EndGlobalSection
EndGlobal
